{
  "name": "front02",
  "version": "1.0.0",
  "lockfileVersion": 1,
  "requires": true,
  "dependencies": {
    "block-ui": {
      "version": "2.70.1",
      "resolved": "https://registry.npmjs.org/block-ui/-/block-ui-2.70.1.tgz",
      "integrity": "sha1-yGLWTuYoj7eBIzd8ZoC8erJiED8=",
      "requires": {
        "jquery": ">=1.7.x"
      }
    },
    "jquery": {
      "version": "3.4.1",
      "resolved": "https://registry.npmjs.org/jquery/-/jquery-3.4.1.tgz",
      "integrity": "sha512-36+AdBzCL+y6qjw5Tx7HgzeGCzC81MDDgaUP8ld2zhx58HdqXGoBd+tHdrBMiyjGQs0Hxs/MLZTu/eHNJJuWPw=="
    }
  }
}
